# This file is automatically @generated by Cargo.
# It is not intended for manual editing.
version = 4

[[package]]
name = "kariba-cli"
version = "0.1.0"

[[package]]
name = "kariba-core"
version = "0.1.0"

[[package]]
name = "kariba-engine-clamav"
version = "0.1.0"

[[package]]
name = "kariba-ipc"
version = "0.1.0"

[[package]]
name = "kariba-survey"
version = "0.1.0"

[[package]]
name = "karibad"
version = "0.1.0"
